
Microsoft Visual Studio Solution File, Format Version 12.00
# Visual Studio Version 17
VisualStudioVersion = 17.11.35327.3
MinimumVisualStudioVersion = 10.0.40219.1
Project("{8BC9CEB8-8B4A-11D0-8D11-00A0C91BC942}") = "소설기", "소설기\소설기.vcxproj", "{DCD4791C-E70F-4568-A293-9198286F11B7}"
EndProject
Global
	GlobalSection(SolutionConfigurationPlatforms) = preSolution
		Debug|x64 = Debug|x64
		Debug|x86 = Debug|x86
		Release|x64 = Release|x64
		Release|x86 = Release|x86
	EndGlobalSection
	GlobalSection(ProjectConfigurationPlatforms) = postSolution
		{DCD4791C-E70F-4568-A293-9198286F11B7}.Debug|x64.ActiveCfg = Debug|x64
		{DCD4791C-E70F-4568-A293-9198286F11B7}.Debug|x64.Build.0 = Debug|x64
		{DCD4791C-E70F-4568-A293-9198286F11B7}.Debug|x86.ActiveCfg = Debug|Win32
		{DCD4791C-E70F-4568-A293-9198286F11B7}.Debug|x86.Build.0 = Debug|Win32
		{DCD4791C-E70F-4568-A293-9198286F11B7}.Release|x64.ActiveCfg = Release|x64
		{DCD4791C-E70F-4568-A293-9198286F11B7}.Release|x64.Build.0 = Release|x64
		{DCD4791C-E70F-4568-A293-9198286F11B7}.Release|x86.ActiveCfg = Release|Win32
		{DCD4791C-E70F-4568-A293-9198286F11B7}.Release|x86.Build.0 = Release|Win32
	EndGlobalSection
	GlobalSection(SolutionProperties) = preSolution
		HideSolutionNode = FALSE
	EndGlobalSection
	GlobalSection(ExtensibilityGlobals) = postSolution
		SolutionGuid = {57BF268A-4CB8-4903-84B8-49C4FCE58826}
	EndGlobalSection
EndGlobal
